
Microsoft Visual Studio Solution File, Format Version 12.00
# Visual Studio Version 16
VisualStudioVersion = 16.0.31729.503
MinimumVisualStudioVersion = 10.0.40219.1
Project("{FAE04EC0-301F-11D3-BF4B-00C04F79EFBC}") = "empWageUC7", "empWageUC7\empWageUC7.csproj", "{003AABBC-68A5-4113-B7A9-F341F6AF34FC}"
EndProject
Global
	GlobalSection(SolutionConfigurationPlatforms) = preSolution
		Debug|Any CPU = Debug|Any CPU
		Release|Any CPU = Release|Any CPU
	EndGlobalSection
	GlobalSection(ProjectConfigurationPlatforms) = postSolution
		{003AABBC-68A5-4113-B7A9-F341F6AF34FC}.Debug|Any CPU.ActiveCfg = Debug|Any CPU
		{003AABBC-68A5-4113-B7A9-F341F6AF34FC}.Debug|Any CPU.Build.0 = Debug|Any CPU
		{003AABBC-68A5-4113-B7A9-F341F6AF34FC}.Release|Any CPU.ActiveCfg = Release|Any CPU
		{003AABBC-68A5-4113-B7A9-F341F6AF34FC}.Release|Any CPU.Build.0 = Release|Any CPU
	EndGlobalSection
	GlobalSection(SolutionProperties) = preSolution
		HideSolutionNode = FALSE
	EndGlobalSection
	GlobalSection(ExtensibilityGlobals) = postSolution
		SolutionGuid = {F2CD85F3-1FC1-4A9E-903D-B971A8957BC8}
	EndGlobalSection
EndGlobal
